// !$*UTF8*$!
{
	archiveVersion = 1;
	classes = {
	};
	objectVersion = 51;
	objects = {

/* Begin PBXBuildFile section */
		A54A082B24F7098C00983E91 /* CodeViewController.swift in Sources */ = {isa = PBXBuildFile; fileRef = A54A082A24F7098C00983E91 /* CodeViewController.swift */; };
		A54A082D24F709D000983E91 /* CheckInViewController.swift in Sources */ = {isa = PBXBuildFile; fileRef = A54A082C24F709D000983E91 /* CheckInViewController.swift */; };
		A54D153D24F6736200847DDA /* AppDelegate.swift in Sources */ = {isa = PBXBuildFile; fileRef = A54D153C24F6736200847DDA /* AppDelegate.swift */; };
		A54D153F24F6736200847DDA /* SceneDelegate.swift in Sources */ = {isa = PBXBuildFile; fileRef = A54D153E24F6736200847DDA /* SceneDelegate.swift */; };
		A54D154624F6736300847DDA /* Assets.xcassets in Resources */ = {isa = PBXBuildFile; fileRef = A54D154524F6736300847DDA /* Assets.xcassets */; };
		A54D154924F6736300847DDA /* LaunchScreen.storyboard in Resources */ = {isa = PBXBuildFile; fileRef = A54D154724F6736300847DDA /* LaunchScreen.storyboard */; };
		A54D155124F6737A00847DDA /* Auth.storyboard in Resources */ = {isa = PBXBuildFile; fileRef = A54D155024F6737A00847DDA /* Auth.storyboard */; };
		A54D155324F6749600847DDA /* AuthViewController.swift in Sources */ = {isa = PBXBuildFile; fileRef = A54D155224F6749600847DDA /* AuthViewController.swift */; };
		A55D716D24F7E05D00451E39 /* HomeViewController.swift in Sources */ = {isa = PBXBuildFile; fileRef = A55D716C24F7E05D00451E39 /* HomeViewController.swift */; };
		A55D717324F80D9A00451E39 /* GoogleService-Info.plist in Resources */ = {isa = PBXBuildFile; fileRef = A55D717224F80D9A00451E39 /* GoogleService-Info.plist */; };
		C260AA39223FC850074DAC86 /* Pods_Auth.framework in Frameworks */ = {isa = PBXBuildFile; fileRef = 6C6333E7999E4BA6A0DE084A /* Pods_Auth.framework */; };
/* End PBXBuildFile section */

/* Begin PBXFileReference section */
		41FA32E7EF310F811BB3F917 /* Pods-Auth.debug.xcconfig */ = {isa = PBXFileReference; includeInIndex = 1; lastKnownFileType = text.xcconfig; name = "Pods-Auth.debug.xcconfig"; path = "Target Support Files/Pods-Auth/Pods-Auth.debug.xcconfig"; sourceTree = "<group>"; };
		6C6333E7999E4BA6A0DE084A /* Pods_Auth.framework */ = {isa = PBXFileReference; explicitFileType = wrapper.framework; includeInIndex = 0; path = Pods_Auth.framework; sourceTree = BUILT_PRODUCTS_DIR; };
		A54A082A24F7098C00983E91 /* CodeViewController.swift */ = {isa = PBXFileReference; lastKnownFileType = sourcecode.swift; path = CodeViewController.swift; sourceTree = "<group>"; };
		A54A082C24F709D000983E91 /* CheckInViewController.swift */ = {isa = PBXFileReference; lastKnownFileType = sourcecode.swift; path = CheckInViewController.swift; sourceTree = "<group>"; };
		A54D153924F6736200847DDA /* Auth.app */ = {isa = PBXFileReference; explicitFileType = wrapper.application; includeInIndex = 0; path = Auth.app; sourceTree = BUILT_PRODUCTS_DIR; };
		A54D153C24F6736200847DDA /* AppDelegate.swift */ = {isa = PBXFileReference; lastKnownFileType = sourcecode.swift; path = AppDelegate.swift; sourceTree = "<group>"; };
		A54D153E24F6736200847DDA /* SceneDelegate.swift */ = {isa = PBXFileReference; lastKnownFileType = sourcecode.swift; path = SceneDelegate.swift; sourceTree = "<group>"; };
		A54D154524F6736300847DDA /* Assets.xcassets */ = {isa = PBXFileReference; lastKnownFileType = folder.assetcatalog; path = Assets.xcassets; sourceTree = "<group>"; };
		A54D154824F6736300847DDA /* Base */ = {isa = PBXFileReference; lastKnownFileType = file.storyboard; name = Base; path = Base.lproj/LaunchScreen.storyboard; sourceTree = "<group>"; };
		A54D154A24F6736300847DDA /* Info.plist */ = {isa = PBXFileReference; lastKnownFileType = text.plist.xml; path = Info.plist; sourceTree = "<group>"; };
		A54D155024F6737A00847DDA /* Auth.storyboard */ = {isa = PBXFileReference; lastKnownFileType = file.storyboard; path = Auth.storyboard; sourceTree = "<group>"; };
		A54D155224F6749600847DDA /* AuthViewController.swift */ = {isa = PBXFileReference; lastKnownFileType = sourcecode.swift; path = AuthViewController.swift; sourceTree = "<group>"; };
		A55D716C24F7E05D00451E39 /* HomeViewController.swift */ = {isa = PBXFileReference; lastKnownFileType = sourcecode.swift; path = HomeViewController.swift; sourceTree = "<group>"; };
		A55D717224F80D9A00451E39 /* GoogleService-Info.plist */ = {isa = PBXFileReference; fileEncoding = 4; lastKnownFileType = text.plist.xml; path = "GoogleService-Info.plist"; sourceTree = "<group>"; };
		D52A2A50489D85B70FDB41BC /* Pods-Auth.release.xcconfig */ = {isa = PBXFileReference; includeInIndex = 1; lastKnownFileType = text.xcconfig; name = "Pods-Auth.release.xcconfig"; path = "Target Support Files/Pods-Auth/Pods-Auth.release.xcconfig"; sourceTree = "<group>"; };
/* End PBXFileReference section */

/* Begin PBXFrameworksBuildPhase section */
		A54D153624F6736200847DDA /* Frameworks */ = {
			isa = PBXFrameworksBuildPhase;
			buildActionMask = 2147483647;
			files = (
				C260AA39223FC850074DAC86 /* Pods_Auth.framework in Frameworks */,
			);
			runOnlyForDeploymentPostprocessing = 0;
		};
/* End PBXFrameworksBuildPhase section */

/* Begin PBXGroup section */
		1399EB1B3C86F194F5DE0F63 /* Frameworks */ = {
			isa = PBXGroup;
			children = (
				6C6333E7999E4BA6A0DE084A /* Pods_Auth.framework */,
			);
			name = Frameworks;
			sourceTree = "<group>";
		};
		A54D153024F6736200847DDA = {
			isa = PBXGroup;
			children = (
				A54D153B24F6736200847DDA /* Auth */,
				A54D153A24F6736200847DDA /* Products */,
				E770192870F80DE18856FC60 /* Pods */,
				1399EB1B3C86F194F5DE0F63 /* Frameworks */,
			);
			sourceTree = "<group>";
		};
		A54D153A24F6736200847DDA /* Products */ = {
			isa = PBXGroup;
			children = (
				A54D153924F6736200847DDA /* Auth.app */,
			);
			name = Products;
			sourceTree = "<group>";
		};
		A54D153B24F6736200847DDA /* Auth */ = {
			isa = PBXGroup;
			children = (
				A54D153C24F6736200847DDA /* AppDelegate.swift */,
				A54D153E24F6736200847DDA /* SceneDelegate.swift */,
				A55D716F24F7E08500451E39 /* Auth Screnes */,
				A54D154524F6736300847DDA /* Assets.xcassets */,
				A54D154724F6736300847DDA /* LaunchScreen.storyboard */,
				A55D717224F80D9A00451E39 /* GoogleService-Info.plist */,
				A54D154A24F6736300847DDA /* Info.plist */,
			);
			path = Auth;
			sourceTree = "<group>";
		};
		A55D716F24F7E08500451E39 /* Auth Screnes */ = {
			isa = PBXGroup;
			children = (
				A54D155024F6737A00847DDA /* Auth.storyboard */,
				A54D155224F6749600847DDA /* AuthViewController.swift */,
				A54A082A24F7098C00983E91 /* CodeViewController.swift */,
				A54A082C24F709D000983E91 /* CheckInViewController.swift */,
				A55D716C24F7E05D00451E39 /* HomeViewController.swift */,
			);
			path = "Auth Screnes";
			sourceTree = "<group>";
		};
		E770192870F80DE18856FC60 /* Pods */ = {
			isa = PBXGroup;
			children = (
				41FA32E7EF310F811BB3F917 /* Pods-Auth.debug.xcconfig */,
				D52A2A50489D85B70FDB41BC /* Pods-Auth.release.xcconfig */,
			);
			path = Pods;
			sourceTree = "<group>";
		};
/* End PBXGroup section */

/* Begin PBXNativeTarget section */
		A54D153824F6736200847DDA /* Auth */ = {
			isa = PBXNativeTarget;
			buildConfigurationList = A54D154D24F6736300847DDA /* Build configuration list for PBXNativeTarget "Auth" */;
			buildPhases = (
				96A449D718521ADDBFA5DA11 /* [CP] Check Pods Manifest.lock */,
				A54D153524F6736200847DDA /* Sources */,
				A54D153624F6736200847DDA /* Frameworks */,
				A54D153724F6736200847DDA /* Resources */,
				A09D01D45951F0079E7A9C0A /* [CP] Embed Pods Frameworks */,
			);
			buildRules = (
			);
			dependencies = (
			);
			name = Auth;
			productName = Auth;
			productReference = A54D153924F6736200847DDA /* Auth.app */;
			productType = "com.apple.product-type.application";
		};
/* End PBXNativeTarget section */

/* Begin PBXProject section */
		A54D153124F6736200847DDA /* Project object */ = {
			isa = PBXProject;
			attributes = {
				LastSwiftUpdateCheck = 1140;
				LastUpgradeCheck = 1140;
				ORGANIZATIONNAME = "Karina Sarkisyan";
				TargetAttributes = {
					A54D153824F6736200847DDA = {
						CreatedOnToolsVersion = 11.4.1;
					};
				};
			};
			buildConfigurationList = A54D153424F6736200847DDA /* Build configuration list for PBXProject "Auth" */;
			compatibilityVersion = "Xcode 9.3";
			developmentRegion = en;
			hasScannedForEncodings = 0;
			knownRegions = (
				en,
				Base,
			);
			mainGroup = A54D153024F6736200847DDA;
			productRefGroup = A54D153A24F6736200847DDA /* Products */;
			projectDirPath = "";
			projectRoot = "";
			targets = (
				A54D153824F6736200847DDA /* Auth */,
			);
		};
/* End PBXProject section */

/* Begin PBXResourcesBuildPhase section */
		A54D153724F6736200847DDA /* Resources */ = {
			isa = PBXResourcesBuildPhase;
			buildActionMask = 2147483647;
			files = (
				A54D155124F6737A00847DDA /* Auth.storyboard in Resources */,
				A55D717324F80D9A00451E39 /* GoogleService-Info.plist in Resources */,
				A54D154924F6736300847DDA /* LaunchScreen.storyboard in Resources */,
				A54D154624F6736300847DDA /* Assets.xcassets in Resources */,
			);
			runOnlyForDeploymentPostprocessing = 0;
		};
/* End PBXResourcesBuildPhase section */

/* Begin PBXShellScriptBuildPhase section */
		96A449D718521ADDBFA5DA11 /* [CP] Check Pods Manifest.lock */ = {
			isa = PBXShellScriptBuildPhase;
			buildActionMask = 2147483647;
			files = (
			);
			inputFileListPaths = (
			);
			inputPaths = (
				"${PODS_PODFILE_DIR_PATH}/Podfile.lock",
				"${PODS_ROOT}/Manifest.lock",
			);
			name = "[CP] Check Pods Manifest.lock";
			outputFileListPaths = (
			);
			outputPaths = (
				"$(DERIVED_FILE_DIR)/Pods-Auth-checkManifestLockResult.txt",
			);
			runOnlyForDeploymentPostprocessing = 0;
			shellPath = /bin/sh;
			shellScript = "diff \"${PODS_PODFILE_DIR_PATH}/Podfile.lock\" \"${PODS_ROOT}/Manifest.lock\" > /dev/null\nif [ $? != 0 ] ; then\n    # print error to STDERR\n    echo \"error: The sandbox is not in sync with the Podfile.lock. Run 'pod install' or update your CocoaPods installation.\" >&2\n    exit 1\nfi\n# This output is used by Xcode 'outputs' to avoid re-running this script phase.\necho \"SUCCESS\" > \"${SCRIPT_OUTPUT_FILE_0}\"\n";
			showEnvVarsInLog = 0;
		};
		A09D01D45951F0079E7A9C0A /* [CP] Embed Pods Frameworks */ = {
			isa = PBXShellScriptBuildPhase;
			buildActionMask = 2147483647;
			files = (
			);
			inputFileListPaths = (
				"${PODS_ROOT}/Target Support Files/Pods-Auth/Pods-Auth-frameworks-${CONFIGURATION}-input-files.xcfilelist",
			);
			name = "[CP] Embed Pods Frameworks";
			outputFileListPaths = (
				"${PODS_ROOT}/Target Support Files/Pods-Auth/Pods-Auth-frameworks-${CONFIGURATION}-output-files.xcfilelist",
			);
			runOnlyForDeploymentPostprocessing = 0;
			shellPath = /bin/sh;
			shellScript = "\"${PODS_ROOT}/Target Support Files/Pods-Auth/Pods-Auth-frameworks.sh\"\n";
			showEnvVarsInLog = 0;
		};
/* End PBXShellScriptBuildPhase section */

/* Begin PBXSourcesBuildPhase section */
		A54D153524F6736200847DDA /* Sources */ = {
			isa = PBXSourcesBuildPhase;
			buildActionMask = 2147483647;
			files = (
				A54D155324F6749600847DDA /* AuthViewController.swift in Sources */,
				A54A082B24F7098C00983E91 /* CodeViewController.swift in Sources */,
				A54D153D24F6736200847DDA /* AppDelegate.swift in Sources */,
				A54D153F24F6736200847DDA /* SceneDelegate.swift in Sources */,
				A54A082D24F709D000983E91 /* CheckInViewController.swift in Sources */,
				A55D716D24F7E05D00451E39 /* HomeViewController.swift in Sources */,
			);
			runOnlyForDeploymentPostprocessing = 0;
		};
/* End PBXSourcesBuildPhase section */

/* Begin PBXVariantGroup section */
		A54D154724F6736300847DDA /* LaunchScreen.storyboard */ = {
			isa = PBXVariantGroup;
			children = (
				A54D154824F6736300847DDA /* Base */,
			);
			name = LaunchScreen.storyboard;
			sourceTree = "<group>";
		};
/* End PBXVariantGroup section */

/* Begin XCBuildConfiguration section */
		A54D154B24F6736300847DDA /* Debug */ = {
			isa = XCBuildConfiguration;
			buildSettings = {
				ALWAYS_SEARCH_USER_PATHS = NO;
				CLANG_ANALYZER_NONNULL = YES;
				CLANG_ANALYZER_NUMBER_OBJECT_CONVERSION = YES_AGGRESSIVE;
				CLANG_CXX_LANGUAGE_STANDARD = "gnu++14";
				CLANG_CXX_LIBRARY = "libc++";
				CLANG_ENABLE_MODULES = YES;
				CLANG_ENABLE_OBJC_ARC = YES;
				CLANG_ENABLE_OBJC_WEAK = YES;
				CLANG_WARN_BLOCK_CAPTURE_AUTORELEASING = YES;
				CLANG_WARN_BOOL_CONVERSION = YES;
				CLANG_WARN_COMMA = YES;
				CLANG_WARN_CONSTANT_CONVERSION = YES;
				CLANG_WARN_DEPRECATED_OBJC_IMPLEMENTATIONS = YES;
				CLANG_WARN_DIRECT_OBJC_ISA_USAGE = YES_ERROR;
				CLANG_WARN_DOCUMENTATION_COMMENTS = YES;
				CLANG_WARN_EMPTY_BODY = YES;
				CLANG_WARN_ENUM_CONVERSION = YES;
				CLANG_WARN_INFINITE_RECURSION = YES;
				CLANG_WARN_INT_CONVERSION = YES;
				CLANG_WARN_NON_LITERAL_NULL_CONVERSION = YES;
				CLANG_WARN_OBJC_IMPLICIT_RETAIN_SELF = YES;
				CLANG_WARN_OBJC_LITERAL_CONVERSION = YES;
				CLANG_WARN_OBJC_ROOT_CLASS = YES_ERROR;
				CLANG_WARN_RANGE_LOOP_ANALYSIS = YES;
				CLANG_WARN_STRICT_PROTOTYPES = YES;
				CLANG_WARN_SUSPICIOUS_MOVE = YES;
				CLANG_WARN_UNGUARDED_AVAILABILITY = YES_AGGRESSIVE;
				CLANG_WARN_UNREACHABLE_CODE = YES;
				CLANG_WARN__DUPLICATE_METHOD_MATCH = YES;
				COPY_PHASE_STRIP = NO;
				DEBUG_INFORMATION_FORMAT = dwarf;
				ENABLE_STRICT_OBJC_MSGSEND = YES;
				ENABLE_TESTABILITY = YES;
				GCC_C_LANGUAGE_STANDARD = gnu11;
				GCC_DYNAMIC_NO_PIC = NO;
				GCC_NO_COMMON_BLOCKS = YES;
				GCC_OPTIMIZATION_LEVEL = 0;
				GCC_PREPROCESSOR_DEFINITIONS = (
					"DEBUG=1",
					"$(inherited)",
				);
				GCC_WARN_64_TO_32_BIT_CONVERSION = YES;
				GCC_WARN_ABOUT_RETURN_TYPE = YES_ERROR;
				GCC_WARN_UNDECLARED_SELECTOR = YES;
				GCC_WARN_UNINITIALIZED_AUTOS = YES_AGGRESSIVE;
				GCC_WARN_UNUSED_FUNCTION = YES;
				GCC_WARN_UNUSED_VARIABLE = YES;
				IPHONEOS_DEPLOYMENT_TARGET = 13.4;
				MTL_ENABLE_DEBUG_INFO = INCLUDE_SOURCE;
				MTL_FAST_MATH = YES;
				ONLY_ACTIVE_ARCH = YES;
				SDKROOT = iphoneos;
				SWIFT_ACTIVE_COMPILATION_CONDITIONS = DEBUG;
				SWIFT_OPTIMIZATION_LEVEL = "-Onone";
			};
			name = Debug;
		};
		A54D154C24F6736300847DDA /* Release */ = {
			isa = XCBuildConfiguration;
			buildSettings = {
				ALWAYS_SEARCH_USER_PATHS = NO;
				CLANG_ANALYZER_NONNULL = YES;
				CLANG_ANALYZER_NUMBER_OBJECT_CONVERSION = YES_AGGRESSIVE;
				CLANG_CXX_LANGUAGE_STANDARD = "gnu++14";
				CLANG_CXX_LIBRARY = "libc++";
				CLANG_ENABLE_MODULES = YES;
				CLANG_ENABLE_OBJC_ARC = YES;
				CLANG_ENABLE_OBJC_WEAK = YES;
				CLANG_WARN_BLOCK_CAPTURE_AUTORELEASING = YES;
				CLANG_WARN_BOOL_CONVERSION = YES;
				CLANG_WARN_COMMA = YES;
				CLANG_WARN_CONSTANT_CONVERSION = YES;
				CLANG_WARN_DEPRECATED_OBJC_IMPLEMENTATIONS = YES;
				CLANG_WARN_DIRECT_OBJC_ISA_USAGE = YES_ERROR;
				CLANG_WARN_DOCUMENTATION_COMMENTS = YES;
				CLANG_WARN_EMPTY_BODY = YES;
				CLANG_WARN_ENUM_CONVERSION = YES;
				CLANG_WARN_INFINITE_RECURSION = YES;
				CLANG_WARN_INT_CONVERSION = YES;
				CLANG_WARN_NON_LITERAL_NULL_CONVERSION = YES;
				CLANG_WARN_OBJC_IMPLICIT_RETAIN_SELF = YES;
				CLANG_WARN_OBJC_LITERAL_CONVERSION = YES;
				CLANG_WARN_OBJC_ROOT_CLASS = YES_ERROR;
				CLANG_WARN_RANGE_LOOP_ANALYSIS = YES;
				CLANG_WARN_STRICT_PROTOTYPES = YES;
				CLANG_WARN_SUSPICIOUS_MOVE = YES;
				CLANG_WARN_UNGUARDED_AVAILABILITY = YES_AGGRESSIVE;
				CLANG_WARN_UNREACHABLE_CODE = YES;
				CLANG_WARN__DUPLICATE_METHOD_MATCH = YES;
				COPY_PHASE_STRIP = NO;
				DEBUG_INFORMATION_FORMAT = "dwarf-with-dsym";
				ENABLE_NS_ASSERTIONS = NO;
				ENABLE_STRICT_OBJC_MSGSEND = YES;
				GCC_C_LANGUAGE_STANDARD = gnu11;
				GCC_NO_COMMON_BLOCKS = YES;
				GCC_WARN_64_TO_32_BIT_CONVERSION = YES;
				GCC_WARN_ABOUT_RETURN_TYPE = YES_ERROR;
				GCC_WARN_UNDECLARED_SELECTOR = YES;
				GCC_WARN_UNINITIALIZED_AUTOS = YES_AGGRESSIVE;
				GCC_WARN_UNUSED_FUNCTION = YES;
				GCC_WARN_UNUSED_VARIABLE = YES;
				IPHONEOS_DEPLOYMENT_TARGET = 13.4;
				MTL_ENABLE_DEBUG_INFO = NO;
				MTL_FAST_MATH = YES;
				SDKROOT = iphoneos;
				SWIFT_COMPILATION_MODE = wholemodule;
				SWIFT_OPTIMIZATION_LEVEL = "-O";
				VALIDATE_PRODUCT = YES;
			};
			name = Release;
		};
		A54D154E24F6736300847DDA /* Debug */ = {
			isa = XCBuildConfiguration;
			baseConfigurationReference = 41FA32E7EF310F811BB3F917 /* Pods-Auth.debug.xcconfig */;
			buildSettings = {
				ASSETCATALOG_COMPILER_APPICON_NAME = AppIcon;
				CODE_SIGN_STYLE = Automatic;
				DEVELOPMENT_TEAM = Q67NDNPG9X;
				INFOPLIST_FILE = Auth/Info.plist;
				LD_RUNPATH_SEARCH_PATHS = (
					"$(inherited)",
					"@executable_path/Frameworks",
				);
				PRODUCT_BUNDLE_IDENTIFIER = com.Sarkisyan.Auth;
				PRODUCT_NAME = "$(TARGET_NAME)";
				SWIFT_VERSION = 5.0;
				TARGETED_DEVICE_FAMILY = "1,2";
			};
			name = Debug;
		};
		A54D154F24F6736300847DDA /* Release */ = {
			isa = XCBuildConfiguration;
			baseConfigurationReference = D52A2A50489D85B70FDB41BC /* Pods-Auth.release.xcconfig */;
			buildSettings = {
				ASSETCATALOG_COMPILER_APPICON_NAME = AppIcon;
				CODE_SIGN_STYLE = Automatic;
				DEVELOPMENT_TEAM = Q67NDNPG9X;
				INFOPLIST_FILE = Auth/Info.plist;
				LD_RUNPATH_SEARCH_PATHS = (
					"$(inherited)",
					"@executable_path/Frameworks",
				);
				PRODUCT_BUNDLE_IDENTIFIER = com.Sarkisyan.Auth;
				PRODUCT_NAME = "$(TARGET_NAME)";
				SWIFT_VERSION = 5.0;
				TARGETED_DEVICE_FAMILY = "1,2";
			};
			name = Release;
		};
/* End XCBuildConfiguration section */

/* Begin XCConfigurationList section */
		A54D153424F6736200847DDA /* Build configuration list for PBXProject "Auth" */ = {
			isa = XCConfigurationList;
			buildConfigurations = (
				A54D154B24F6736300847DDA /* Debug */,
				A54D154C24F6736300847DDA /* Release */,
			);
			defaultConfigurationIsVisible = 0;
			defaultConfigurationName = Release;
		};
		A54D154D24F6736300847DDA /* Build configuration list for PBXNativeTarget "Auth" */ = {
			isa = XCConfigurationList;
			buildConfigurations = (
				A54D154E24F6736300847DDA /* Debug */,
				A54D154F24F6736300847DDA /* Release */,
			);
			defaultConfigurationIsVisible = 0;
			defaultConfigurationName = Release;
		};
/* End XCConfigurationList section */
	};
	rootObject = A54D153124F6736200847DDA /* Project object */;
}
